
Microsoft Visual Studio Solution File, Format Version 12.00
# Visual Studio Version 17
VisualStudioVersion = 17.4.33205.214
MinimumVisualStudioVersion = 10.0.40219.1
Project("{888888A0-9F3D-457C-B088-3A5042F75D52}") = "Enphase-API", "Enphase-API.pyproj", "{6C2F2723-0E0B-45B2-BFF9-A24CA1B75982}"
EndProject
Global
	GlobalSection(SolutionConfigurationPlatforms) = preSolution
		Debug|Any CPU = Debug|Any CPU
		Release|Any CPU = Release|Any CPU
	EndGlobalSection
	GlobalSection(ProjectConfigurationPlatforms) = postSolution
		{6C2F2723-0E0B-45B2-BFF9-A24CA1B75982}.Debug|Any CPU.ActiveCfg = Debug|Any CPU
		{6C2F2723-0E0B-45B2-BFF9-A24CA1B75982}.Release|Any CPU.ActiveCfg = Release|Any CPU
	EndGlobalSection
	GlobalSection(SolutionProperties) = preSolution
		HideSolutionNode = FALSE
	EndGlobalSection
	GlobalSection(ExtensibilityGlobals) = postSolution
		SolutionGuid = {55E81E82-B7B2-4DD0-B229-FEEDDC043E03}
	EndGlobalSection
EndGlobal
